// !$*UTF8*$!
{
	archiveVersion = 1;
	classes = {
	};
	objectVersion = 48;
	objects = {

/* Begin PBXBuildFile section */
		3DC294A7A556A5DE406A3595 /* Pods_OpenTokSampleUITests.framework in Frameworks */ = {isa = PBXBuildFile; fileRef = 54E876A8169A4EDC474F976D /* Pods_OpenTokSampleUITests.framework */; };
		629DE3FF82F88373C1D6DEF8 /* Pods_OpenTokSample.framework in Frameworks */ = {isa = PBXBuildFile; fileRef = 04CF37DC17072BCD89B8760B /* Pods_OpenTokSample.framework */; };
		699AEF7A6AF8086A3449EE14 /* Pods_OpenTokSampleTests.framework in Frameworks */ = {isa = PBXBuildFile; fileRef = E672694503C5EB571CADD44D /* Pods_OpenTokSampleTests.framework */; };
		941B555D1F77F0D500F602C6 /* AppDelegate.swift in Sources */ = {isa = PBXBuildFile; fileRef = 941B555C1F77F0D500F602C6 /* AppDelegate.swift */; };
		941B555F1F77F0D500F602C6 /* ViewController.swift in Sources */ = {isa = PBXBuildFile; fileRef = 941B555E1F77F0D500F602C6 /* ViewController.swift */; };
		941B55621F77F0D500F602C6 /* Main.storyboard in Resources */ = {isa = PBXBuildFile; fileRef = 941B55601F77F0D500F602C6 /* Main.storyboard */; };
		941B55641F77F0D500F602C6 /* Assets.xcassets in Resources */ = {isa = PBXBuildFile; fileRef = 941B55631F77F0D500F602C6 /* Assets.xcassets */; };
		941B55671F77F0D500F602C6 /* LaunchScreen.storyboard in Resources */ = {isa = PBXBuildFile; fileRef = 941B55651F77F0D500F602C6 /* LaunchScreen.storyboard */; };
		941B55721F77F0D500F602C6 /* OpenTokSampleTests.swift in Sources */ = {isa = PBXBuildFile; fileRef = 941B55711F77F0D500F602C6 /* OpenTokSampleTests.swift */; };
		941B557D1F77F0D600F602C6 /* OpenTokSampleUITests.swift in Sources */ = {isa = PBXBuildFile; fileRef = 941B557C1F77F0D600F602C6 /* OpenTokSampleUITests.swift */; };
		942FA86A1F77F28100FEE46A /* CallViewController.swift in Sources */ = {isa = PBXBuildFile; fileRef = 942FA8691F77F28100FEE46A /* CallViewController.swift */; };
		942FA8711F77F30000FEE46A /* RoomCell.swift in Sources */ = {isa = PBXBuildFile; fileRef = 942FA86F1F77F30000FEE46A /* RoomCell.swift */; };
		942FA8721F77F30000FEE46A /* RoomCell.xib in Resources */ = {isa = PBXBuildFile; fileRef = 942FA8701F77F30000FEE46A /* RoomCell.xib */; };
		942FA8751F77F33500FEE46A /* RoomModel.swift in Sources */ = {isa = PBXBuildFile; fileRef = 942FA8741F77F33500FEE46A /* RoomModel.swift */; };
		945810D91F77F6BE002E7424 /* AppConstants.swift in Sources */ = {isa = PBXBuildFile; fileRef = 945810D81F77F6BE002E7424 /* AppConstants.swift */; };
		945810DD1F780A4E002E7424 /* Util.swift in Sources */ = {isa = PBXBuildFile; fileRef = 945810DC1F780A4E002E7424 /* Util.swift */; };
/* End PBXBuildFile section */

/* Begin PBXContainerItemProxy section */
		941B556E1F77F0D500F602C6 /* PBXContainerItemProxy */ = {
			isa = PBXContainerItemProxy;
			containerPortal = 941B55511F77F0D500F602C6 /* Project object */;
			proxyType = 1;
			remoteGlobalIDString = 941B55581F77F0D500F602C6;
			remoteInfo = OpenTokSample;
		};
		941B55791F77F0D500F602C6 /* PBXContainerItemProxy */ = {
			isa = PBXContainerItemProxy;
			containerPortal = 941B55511F77F0D500F602C6 /* Project object */;
			proxyType = 1;
			remoteGlobalIDString = 941B55581F77F0D500F602C6;
			remoteInfo = OpenTokSample;
		};
/* End PBXContainerItemProxy section */

/* Begin PBXFileReference section */
		04CF37DC17072BCD89B8760B /* Pods_OpenTokSample.framework */ = {isa = PBXFileReference; explicitFileType = wrapper.framework; includeInIndex = 0; path = Pods_OpenTokSample.framework; sourceTree = BUILT_PRODUCTS_DIR; };
		1BE98D36F7A65747D623D197 /* Pods-OpenTokSampleUITests.release.xcconfig */ = {isa = PBXFileReference; includeInIndex = 1; lastKnownFileType = text.xcconfig; name = "Pods-OpenTokSampleUITests.release.xcconfig"; path = "Pods/Target Support Files/Pods-OpenTokSampleUITests/Pods-OpenTokSampleUITests.release.xcconfig"; sourceTree = "<group>"; };
		1E61EC7136B10D433FACFC63 /* Pods-OpenTokSampleTests.release.xcconfig */ = {isa = PBXFileReference; includeInIndex = 1; lastKnownFileType = text.xcconfig; name = "Pods-OpenTokSampleTests.release.xcconfig"; path = "Pods/Target Support Files/Pods-OpenTokSampleTests/Pods-OpenTokSampleTests.release.xcconfig"; sourceTree = "<group>"; };
		3488BDFEA8255DA7A67AF737 /* Pods-OpenTokSampleUITests.debug.xcconfig */ = {isa = PBXFileReference; includeInIndex = 1; lastKnownFileType = text.xcconfig; name = "Pods-OpenTokSampleUITests.debug.xcconfig"; path = "Pods/Target Support Files/Pods-OpenTokSampleUITests/Pods-OpenTokSampleUITests.debug.xcconfig"; sourceTree = "<group>"; };
		54E876A8169A4EDC474F976D /* Pods_OpenTokSampleUITests.framework */ = {isa = PBXFileReference; explicitFileType = wrapper.framework; includeInIndex = 0; path = Pods_OpenTokSampleUITests.framework; sourceTree = BUILT_PRODUCTS_DIR; };
		941B55591F77F0D500F602C6 /* OpenTokSample.app */ = {isa = PBXFileReference; explicitFileType = wrapper.application; includeInIndex = 0; path = OpenTokSample.app; sourceTree = BUILT_PRODUCTS_DIR; };
		941B555C1F77F0D500F602C6 /* AppDelegate.swift */ = {isa = PBXFileReference; lastKnownFileType = sourcecode.swift; path = AppDelegate.swift; sourceTree = "<group>"; };
		941B555E1F77F0D500F602C6 /* ViewController.swift */ = {isa = PBXFileReference; lastKnownFileType = sourcecode.swift; path = ViewController.swift; sourceTree = "<group>"; };
		941B55611F77F0D500F602C6 /* Base */ = {isa = PBXFileReference; lastKnownFileType = file.storyboard; name = Base; path = Base.lproj/Main.storyboard; sourceTree = "<group>"; };
		941B55631F77F0D500F602C6 /* Assets.xcassets */ = {isa = PBXFileReference; lastKnownFileType = folder.assetcatalog; path = Assets.xcassets; sourceTree = "<group>"; };
		941B55661F77F0D500F602C6 /* Base */ = {isa = PBXFileReference; lastKnownFileType = file.storyboard; name = Base; path = Base.lproj/LaunchScreen.storyboard; sourceTree = "<group>"; };
		941B55681F77F0D500F602C6 /* Info.plist */ = {isa = PBXFileReference; lastKnownFileType = text.plist.xml; path = Info.plist; sourceTree = "<group>"; };
		941B556D1F77F0D500F602C6 /* OpenTokSampleTests.xctest */ = {isa = PBXFileReference; explicitFileType = wrapper.cfbundle; includeInIndex = 0; path = OpenTokSampleTests.xctest; sourceTree = BUILT_PRODUCTS_DIR; };
		941B55711F77F0D500F602C6 /* OpenTokSampleTests.swift */ = {isa = PBXFileReference; lastKnownFileType = sourcecode.swift; path = OpenTokSampleTests.swift; sourceTree = "<group>"; };
		941B55731F77F0D500F602C6 /* Info.plist */ = {isa = PBXFileReference; lastKnownFileType = text.plist.xml; path = Info.plist; sourceTree = "<group>"; };
		941B55781F77F0D500F602C6 /* OpenTokSampleUITests.xctest */ = {isa = PBXFileReference; explicitFileType = wrapper.cfbundle; includeInIndex = 0; path = OpenTokSampleUITests.xctest; sourceTree = BUILT_PRODUCTS_DIR; };
		941B557C1F77F0D600F602C6 /* OpenTokSampleUITests.swift */ = {isa = PBXFileReference; lastKnownFileType = sourcecode.swift; path = OpenTokSampleUITests.swift; sourceTree = "<group>"; };
		941B557E1F77F0D600F602C6 /* Info.plist */ = {isa = PBXFileReference; lastKnownFileType = text.plist.xml; path = Info.plist; sourceTree = "<group>"; };
		942FA8691F77F28100FEE46A /* CallViewController.swift */ = {isa = PBXFileReference; lastKnownFileType = sourcecode.swift; path = CallViewController.swift; sourceTree = "<group>"; };
		942FA86F1F77F30000FEE46A /* RoomCell.swift */ = {isa = PBXFileReference; lastKnownFileType = sourcecode.swift; path = RoomCell.swift; sourceTree = "<group>"; };
		942FA8701F77F30000FEE46A /* RoomCell.xib */ = {isa = PBXFileReference; lastKnownFileType = file.xib; path = RoomCell.xib; sourceTree = "<group>"; };
		942FA8741F77F33500FEE46A /* RoomModel.swift */ = {isa = PBXFileReference; lastKnownFileType = sourcecode.swift; path = RoomModel.swift; sourceTree = "<group>"; };
		945810D81F77F6BE002E7424 /* AppConstants.swift */ = {isa = PBXFileReference; lastKnownFileType = sourcecode.swift; path = AppConstants.swift; sourceTree = "<group>"; };
		945810DC1F780A4E002E7424 /* Util.swift */ = {isa = PBXFileReference; lastKnownFileType = sourcecode.swift; path = Util.swift; sourceTree = "<group>"; };
		9690742A371D98C840DF8CFF /* Pods-OpenTokSample.debug.xcconfig */ = {isa = PBXFileReference; includeInIndex = 1; lastKnownFileType = text.xcconfig; name = "Pods-OpenTokSample.debug.xcconfig"; path = "Pods/Target Support Files/Pods-OpenTokSample/Pods-OpenTokSample.debug.xcconfig"; sourceTree = "<group>"; };
		B1C04CC4FAF0D32F4E472D86 /* Pods-OpenTokSample.release.xcconfig */ = {isa = PBXFileReference; includeInIndex = 1; lastKnownFileType = text.xcconfig; name = "Pods-OpenTokSample.release.xcconfig"; path = "Pods/Target Support Files/Pods-OpenTokSample/Pods-OpenTokSample.release.xcconfig"; sourceTree = "<group>"; };
		E62C395D852BD8A287AF80E4 /* Pods-OpenTokSampleTests.debug.xcconfig */ = {isa = PBXFileReference; includeInIndex = 1; lastKnownFileType = text.xcconfig; name = "Pods-OpenTokSampleTests.debug.xcconfig"; path = "Pods/Target Support Files/Pods-OpenTokSampleTests/Pods-OpenTokSampleTests.debug.xcconfig"; sourceTree = "<group>"; };
		E672694503C5EB571CADD44D /* Pods_OpenTokSampleTests.framework */ = {isa = PBXFileReference; explicitFileType = wrapper.framework; includeInIndex = 0; path = Pods_OpenTokSampleTests.framework; sourceTree = BUILT_PRODUCTS_DIR; };
/* End PBXFileReference section */

/* Begin PBXFrameworksBuildPhase section */
		941B55561F77F0D500F602C6 /* Frameworks */ = {
			isa = PBXFrameworksBuildPhase;
			buildActionMask = 2147483647;
			files = (
				629DE3FF82F88373C1D6DEF8 /* Pods_OpenTokSample.framework in Frameworks */,
			);
			runOnlyForDeploymentPostprocessing = 0;
		};
		941B556A1F77F0D500F602C6 /* Frameworks */ = {
			isa = PBXFrameworksBuildPhase;
			buildActionMask = 2147483647;
			files = (
				699AEF7A6AF8086A3449EE14 /* Pods_OpenTokSampleTests.framework in Frameworks */,
			);
			runOnlyForDeploymentPostprocessing = 0;
		};
		941B55751F77F0D500F602C6 /* Frameworks */ = {
			isa = PBXFrameworksBuildPhase;
			buildActionMask = 2147483647;
			files = (
				3DC294A7A556A5DE406A3595 /* Pods_OpenTokSampleUITests.framework in Frameworks */,
			);
			runOnlyForDeploymentPostprocessing = 0;
		};
/* End PBXFrameworksBuildPhase section */

/* Begin PBXGroup section */
		941B55501F77F0D500F602C6 = {
			isa = PBXGroup;
			children = (
				941B555B1F77F0D500F602C6 /* OpenTokSample */,
				941B55701F77F0D500F602C6 /* OpenTokSampleTests */,
				941B557B1F77F0D600F602C6 /* OpenTokSampleUITests */,
				941B555A1F77F0D500F602C6 /* Products */,
				DED8242D9AB928E904244384 /* Pods */,
				D4A0A2C3C5F1A652084AB10E /* Frameworks */,
			);
			sourceTree = "<group>";
		};
		941B555A1F77F0D500F602C6 /* Products */ = {
			isa = PBXGroup;
			children = (
				941B55591F77F0D500F602C6 /* OpenTokSample.app */,
				941B556D1F77F0D500F602C6 /* OpenTokSampleTests.xctest */,
				941B55781F77F0D500F602C6 /* OpenTokSampleUITests.xctest */,
			);
			name = Products;
			sourceTree = "<group>";
		};
		941B555B1F77F0D500F602C6 /* OpenTokSample */ = {
			isa = PBXGroup;
			children = (
				941B55681F77F0D500F602C6 /* Info.plist */,
				945810DA1F780A1E002E7424 /* Resources */,
				942FA86B1F77F2A700FEE46A /* Views */,
				942FA8731F77F30A00FEE46A /* Models */,
				945810DB1F780A35002E7424 /* Util */,
				941B555C1F77F0D500F602C6 /* AppDelegate.swift */,
			);
			path = OpenTokSample;
			sourceTree = "<group>";
		};
		941B55701F77F0D500F602C6 /* OpenTokSampleTests */ = {
			isa = PBXGroup;
			children = (
				941B55711F77F0D500F602C6 /* OpenTokSampleTests.swift */,
				941B55731F77F0D500F602C6 /* Info.plist */,
			);
			path = OpenTokSampleTests;
			sourceTree = "<group>";
		};
		941B557B1F77F0D600F602C6 /* OpenTokSampleUITests */ = {
			isa = PBXGroup;
			children = (
				941B557C1F77F0D600F602C6 /* OpenTokSampleUITests.swift */,
				941B557E1F77F0D600F602C6 /* Info.plist */,
			);
			path = OpenTokSampleUITests;
			sourceTree = "<group>";
		};
		942FA86B1F77F2A700FEE46A /* Views */ = {
			isa = PBXGroup;
			children = (
				941B555E1F77F0D500F602C6 /* ViewController.swift */,
				942FA8691F77F28100FEE46A /* CallViewController.swift */,
				942FA86F1F77F30000FEE46A /* RoomCell.swift */,
				942FA8701F77F30000FEE46A /* RoomCell.xib */,
			);
			path = Views;
			sourceTree = "<group>";
		};
		942FA8731F77F30A00FEE46A /* Models */ = {
			isa = PBXGroup;
			children = (
				942FA8741F77F33500FEE46A /* RoomModel.swift */,
				945810D81F77F6BE002E7424 /* AppConstants.swift */,
			);
			path = Models;
			sourceTree = "<group>";
		};
		945810DA1F780A1E002E7424 /* Resources */ = {
			isa = PBXGroup;
			children = (
				941B55601F77F0D500F602C6 /* Main.storyboard */,
				941B55631F77F0D500F602C6 /* Assets.xcassets */,
				941B55651F77F0D500F602C6 /* LaunchScreen.storyboard */,
			);
			path = Resources;
			sourceTree = "<group>";
		};
		945810DB1F780A35002E7424 /* Util */ = {
			isa = PBXGroup;
			children = (
				945810DC1F780A4E002E7424 /* Util.swift */,
			);
			path = Util;
			sourceTree = "<group>";
		};
		D4A0A2C3C5F1A652084AB10E /* Frameworks */ = {
			isa = PBXGroup;
			children = (
				04CF37DC17072BCD89B8760B /* Pods_OpenTokSample.framework */,
				E672694503C5EB571CADD44D /* Pods_OpenTokSampleTests.framework */,
				54E876A8169A4EDC474F976D /* Pods_OpenTokSampleUITests.framework */,
			);
			name = Frameworks;
			sourceTree = "<group>";
		};
		DED8242D9AB928E904244384 /* Pods */ = {
			isa = PBXGroup;
			children = (
				9690742A371D98C840DF8CFF /* Pods-OpenTokSample.debug.xcconfig */,
				B1C04CC4FAF0D32F4E472D86 /* Pods-OpenTokSample.release.xcconfig */,
				E62C395D852BD8A287AF80E4 /* Pods-OpenTokSampleTests.debug.xcconfig */,
				1E61EC7136B10D433FACFC63 /* Pods-OpenTokSampleTests.release.xcconfig */,
				3488BDFEA8255DA7A67AF737 /* Pods-OpenTokSampleUITests.debug.xcconfig */,
				1BE98D36F7A65747D623D197 /* Pods-OpenTokSampleUITests.release.xcconfig */,
			);
			name = Pods;
			sourceTree = "<group>";
		};
/* End PBXGroup section */

/* Begin PBXNativeTarget section */
		941B55581F77F0D500F602C6 /* OpenTokSample */ = {
			isa = PBXNativeTarget;
			buildConfigurationList = 941B55811F77F0D600F602C6 /* Build configuration list for PBXNativeTarget "OpenTokSample" */;
			buildPhases = (
				1C0E805C07B5629B83ADA789 /* [CP] Check Pods Manifest.lock */,
				941B55551F77F0D500F602C6 /* Sources */,
				941B55561F77F0D500F602C6 /* Frameworks */,
				941B55571F77F0D500F602C6 /* Resources */,
				B135C1258919ACEB69C1D17B /* [CP] Embed Pods Frameworks */,
				0CE0B51D6E3F0A47854B6A13 /* [CP] Copy Pods Resources */,
			);
			buildRules = (
			);
			dependencies = (
			);
			name = OpenTokSample;
			productName = OpenTokSample;
			productReference = 941B55591F77F0D500F602C6 /* OpenTokSample.app */;
			productType = "com.apple.product-type.application";
		};
		941B556C1F77F0D500F602C6 /* OpenTokSampleTests */ = {
			isa = PBXNativeTarget;
			buildConfigurationList = 941B55841F77F0D600F602C6 /* Build configuration list for PBXNativeTarget "OpenTokSampleTests" */;
			buildPhases = (
				DEE80374E4188831D6332856 /* [CP] Check Pods Manifest.lock */,
				941B55691F77F0D500F602C6 /* Sources */,
				941B556A1F77F0D500F602C6 /* Frameworks */,
				941B556B1F77F0D500F602C6 /* Resources */,
				800B089B3AD6C00353848B59 /* [CP] Embed Pods Frameworks */,
				51B4D9AC21E8CBE87932BF89 /* [CP] Copy Pods Resources */,
			);
			buildRules = (
			);
			dependencies = (
				941B556F1F77F0D500F602C6 /* PBXTargetDependency */,
			);
			name = OpenTokSampleTests;
			productName = OpenTokSampleTests;
			productReference = 941B556D1F77F0D500F602C6 /* OpenTokSampleTests.xctest */;
			productType = "com.apple.product-type.bundle.unit-test";
		};
		941B55771F77F0D500F602C6 /* OpenTokSampleUITests */ = {
			isa = PBXNativeTarget;
			buildConfigurationList = 941B55871F77F0D600F602C6 /* Build configuration list for PBXNativeTarget "OpenTokSampleUITests" */;
			buildPhases = (
				3E751E44618F5C413A3C3F41 /* [CP] Check Pods Manifest.lock */,
				941B55741F77F0D500F602C6 /* Sources */,
				941B55751F77F0D500F602C6 /* Frameworks */,
				941B55761F77F0D500F602C6 /* Resources */,
				E1094B79204F129D295EB37B /* [CP] Embed Pods Frameworks */,
				D93F7A1CE086E4182E1A6E79 /* [CP] Copy Pods Resources */,
			);
			buildRules = (
			);
			dependencies = (
				941B557A1F77F0D500F602C6 /* PBXTargetDependency */,
			);
			name = OpenTokSampleUITests;
			productName = OpenTokSampleUITests;
			productReference = 941B55781F77F0D500F602C6 /* OpenTokSampleUITests.xctest */;
			productType = "com.apple.product-type.bundle.ui-testing";
		};
/* End PBXNativeTarget section */

/* Begin PBXProject section */
		941B55511F77F0D500F602C6 /* Project object */ = {
			isa = PBXProject;
			attributes = {
				LastSwiftUpdateCheck = 0900;
				LastUpgradeCheck = 0900;
				ORGANIZATIONNAME = "Spaceage Labs";
				TargetAttributes = {
					941B55581F77F0D500F602C6 = {
						CreatedOnToolsVersion = 9.0;
						ProvisioningStyle = Automatic;
					};
					941B556C1F77F0D500F602C6 = {
						CreatedOnToolsVersion = 9.0;
						ProvisioningStyle = Automatic;
						TestTargetID = 941B55581F77F0D500F602C6;
					};
					941B55771F77F0D500F602C6 = {
						CreatedOnToolsVersion = 9.0;
						ProvisioningStyle = Automatic;
						TestTargetID = 941B55581F77F0D500F602C6;
					};
				};
			};
			buildConfigurationList = 941B55541F77F0D500F602C6 /* Build configuration list for PBXProject "OpenTokSample" */;
			compatibilityVersion = "Xcode 8.0";
			developmentRegion = en;
			hasScannedForEncodings = 0;
			knownRegions = (
				en,
				Base,
			);
			mainGroup = 941B55501F77F0D500F602C6;
			productRefGroup = 941B555A1F77F0D500F602C6 /* Products */;
			projectDirPath = "";
			projectRoot = "";
			targets = (
				941B55581F77F0D500F602C6 /* OpenTokSample */,
				941B556C1F77F0D500F602C6 /* OpenTokSampleTests */,
				941B55771F77F0D500F602C6 /* OpenTokSampleUITests */,
			);
		};
/* End PBXProject section */

/* Begin PBXResourcesBuildPhase section */
		941B55571F77F0D500F602C6 /* Resources */ = {
			isa = PBXResourcesBuildPhase;
			buildActionMask = 2147483647;
			files = (
				941B55671F77F0D500F602C6 /* LaunchScreen.storyboard in Resources */,
				941B55641F77F0D500F602C6 /* Assets.xcassets in Resources */,
				942FA8721F77F30000FEE46A /* RoomCell.xib in Resources */,
				941B55621F77F0D500F602C6 /* Main.storyboard in Resources */,
			);
			runOnlyForDeploymentPostprocessing = 0;
		};
		941B556B1F77F0D500F602C6 /* Resources */ = {
			isa = PBXResourcesBuildPhase;
			buildActionMask = 2147483647;
			files = (
			);
			runOnlyForDeploymentPostprocessing = 0;
		};
		941B55761F77F0D500F602C6 /* Resources */ = {
			isa = PBXResourcesBuildPhase;
			buildActionMask = 2147483647;
			files = (
			);
			runOnlyForDeploymentPostprocessing = 0;
		};
/* End PBXResourcesBuildPhase section */

/* Begin PBXShellScriptBuildPhase section */
		0CE0B51D6E3F0A47854B6A13 /* [CP] Copy Pods Resources */ = {
			isa = PBXShellScriptBuildPhase;
			buildActionMask = 2147483647;
			files = (
			);
			inputPaths = (
			);
			name = "[CP] Copy Pods Resources";
			outputPaths = (
			);
			runOnlyForDeploymentPostprocessing = 0;
			shellPath = /bin/sh;
			shellScript = "\"${SRCROOT}/Pods/Target Support Files/Pods-OpenTokSample/Pods-OpenTokSample-resources.sh\"\n";
			showEnvVarsInLog = 0;
		};
		1C0E805C07B5629B83ADA789 /* [CP] Check Pods Manifest.lock */ = {
			isa = PBXShellScriptBuildPhase;
			buildActionMask = 2147483647;
			files = (
			);
			inputPaths = (
				"${PODS_PODFILE_DIR_PATH}/Podfile.lock",
				"${PODS_ROOT}/Manifest.lock",
			);
			name = "[CP] Check Pods Manifest.lock";
			outputPaths = (
				"$(DERIVED_FILE_DIR)/Pods-OpenTokSample-checkManifestLockResult.txt",
			);
			runOnlyForDeploymentPostprocessing = 0;
			shellPath = /bin/sh;
			shellScript = "diff \"${PODS_PODFILE_DIR_PATH}/Podfile.lock\" \"${PODS_ROOT}/Manifest.lock\" > /dev/null\nif [ $? != 0 ] ; then\n    # print error to STDERR\n    echo \"error: The sandbox is not in sync with the Podfile.lock. Run 'pod install' or update your CocoaPods installation.\" >&2\n    exit 1\nfi\n# This output is used by Xcode 'outputs' to avoid re-running this script phase.\necho \"SUCCESS\" > \"${SCRIPT_OUTPUT_FILE_0}\"\n";
			showEnvVarsInLog = 0;
		};
		3E751E44618F5C413A3C3F41 /* [CP] Check Pods Manifest.lock */ = {
			isa = PBXShellScriptBuildPhase;
			buildActionMask = 2147483647;
			files = (
			);
			inputPaths = (
				"${PODS_PODFILE_DIR_PATH}/Podfile.lock",
				"${PODS_ROOT}/Manifest.lock",
			);
			name = "[CP] Check Pods Manifest.lock";
			outputPaths = (
				"$(DERIVED_FILE_DIR)/Pods-OpenTokSampleUITests-checkManifestLockResult.txt",
			);
			runOnlyForDeploymentPostprocessing = 0;
			shellPath = /bin/sh;
			shellScript = "diff \"${PODS_PODFILE_DIR_PATH}/Podfile.lock\" \"${PODS_ROOT}/Manifest.lock\" > /dev/null\nif [ $? != 0 ] ; then\n    # print error to STDERR\n    echo \"error: The sandbox is not in sync with the Podfile.lock. Run 'pod install' or update your CocoaPods installation.\" >&2\n    exit 1\nfi\n# This output is used by Xcode 'outputs' to avoid re-running this script phase.\necho \"SUCCESS\" > \"${SCRIPT_OUTPUT_FILE_0}\"\n";
			showEnvVarsInLog = 0;
		};
		51B4D9AC21E8CBE87932BF89 /* [CP] Copy Pods Resources */ = {
			isa = PBXShellScriptBuildPhase;
			buildActionMask = 2147483647;
			files = (
			);
			inputPaths = (
			);
			name = "[CP] Copy Pods Resources";
			outputPaths = (
			);
			runOnlyForDeploymentPostprocessing = 0;
			shellPath = /bin/sh;
			shellScript = "\"${SRCROOT}/Pods/Target Support Files/Pods-OpenTokSampleTests/Pods-OpenTokSampleTests-resources.sh\"\n";
			showEnvVarsInLog = 0;
		};
		800B089B3AD6C00353848B59 /* [CP] Embed Pods Frameworks */ = {
			isa = PBXShellScriptBuildPhase;
			buildActionMask = 2147483647;
			files = (
			);
			inputPaths = (
			);
			name = "[CP] Embed Pods Frameworks";
			outputPaths = (
			);
			runOnlyForDeploymentPostprocessing = 0;
			shellPath = /bin/sh;
			shellScript = "\"${SRCROOT}/Pods/Target Support Files/Pods-OpenTokSampleTests/Pods-OpenTokSampleTests-frameworks.sh\"\n";
			showEnvVarsInLog = 0;
		};
		B135C1258919ACEB69C1D17B /* [CP] Embed Pods Frameworks */ = {
			isa = PBXShellScriptBuildPhase;
			buildActionMask = 2147483647;
			files = (
			);
			inputPaths = (
			);
			name = "[CP] Embed Pods Frameworks";
			outputPaths = (
			);
			runOnlyForDeploymentPostprocessing = 0;
			shellPath = /bin/sh;
			shellScript = "\"${SRCROOT}/Pods/Target Support Files/Pods-OpenTokSample/Pods-OpenTokSample-frameworks.sh\"\n";
			showEnvVarsInLog = 0;
		};
		D93F7A1CE086E4182E1A6E79 /* [CP] Copy Pods Resources */ = {
			isa = PBXShellScriptBuildPhase;
			buildActionMask = 2147483647;
			files = (
			);
			inputPaths = (
			);
			name = "[CP] Copy Pods Resources";
			outputPaths = (
			);
			runOnlyForDeploymentPostprocessing = 0;
			shellPath = /bin/sh;
			shellScript = "\"${SRCROOT}/Pods/Target Support Files/Pods-OpenTokSampleUITests/Pods-OpenTokSampleUITests-resources.sh\"\n";
			showEnvVarsInLog = 0;
		};
		DEE80374E4188831D6332856 /* [CP] Check Pods Manifest.lock */ = {
			isa = PBXShellScriptBuildPhase;
			buildActionMask = 2147483647;
			files = (
			);
			inputPaths = (
				"${PODS_PODFILE_DIR_PATH}/Podfile.lock",
				"${PODS_ROOT}/Manifest.lock",
			);
			name = "[CP] Check Pods Manifest.lock";
			outputPaths = (
				"$(DERIVED_FILE_DIR)/Pods-OpenTokSampleTests-checkManifestLockResult.txt",
			);
			runOnlyForDeploymentPostprocessing = 0;
			shellPath = /bin/sh;
			shellScript = "diff \"${PODS_PODFILE_DIR_PATH}/Podfile.lock\" \"${PODS_ROOT}/Manifest.lock\" > /dev/null\nif [ $? != 0 ] ; then\n    # print error to STDERR\n    echo \"error: The sandbox is not in sync with the Podfile.lock. Run 'pod install' or update your CocoaPods installation.\" >&2\n    exit 1\nfi\n# This output is used by Xcode 'outputs' to avoid re-running this script phase.\necho \"SUCCESS\" > \"${SCRIPT_OUTPUT_FILE_0}\"\n";
			showEnvVarsInLog = 0;
		};
		E1094B79204F129D295EB37B /* [CP] Embed Pods Frameworks */ = {
			isa = PBXShellScriptBuildPhase;
			buildActionMask = 2147483647;
			files = (
			);
			inputPaths = (
			);
			name = "[CP] Embed Pods Frameworks";
			outputPaths = (
			);
			runOnlyForDeploymentPostprocessing = 0;
			shellPath = /bin/sh;
			shellScript = "\"${SRCROOT}/Pods/Target Support Files/Pods-OpenTokSampleUITests/Pods-OpenTokSampleUITests-frameworks.sh\"\n";
			showEnvVarsInLog = 0;
		};
/* End PBXShellScriptBuildPhase section */

/* Begin PBXSourcesBuildPhase section */
		941B55551F77F0D500F602C6 /* Sources */ = {
			isa = PBXSourcesBuildPhase;
			buildActionMask = 2147483647;
			files = (
				942FA86A1F77F28100FEE46A /* CallViewController.swift in Sources */,
				945810D91F77F6BE002E7424 /* AppConstants.swift in Sources */,
				941B555F1F77F0D500F602C6 /* ViewController.swift in Sources */,
				942FA8751F77F33500FEE46A /* RoomModel.swift in Sources */,
				945810DD1F780A4E002E7424 /* Util.swift in Sources */,
				942FA8711F77F30000FEE46A /* RoomCell.swift in Sources */,
				941B555D1F77F0D500F602C6 /* AppDelegate.swift in Sources */,
			);
			runOnlyForDeploymentPostprocessing = 0;
		};
		941B55691F77F0D500F602C6 /* Sources */ = {
			isa = PBXSourcesBuildPhase;
			buildActionMask = 2147483647;
			files = (
				941B55721F77F0D500F602C6 /* OpenTokSampleTests.swift in Sources */,
			);
			runOnlyForDeploymentPostprocessing = 0;
		};
		941B55741F77F0D500F602C6 /* Sources */ = {
			isa = PBXSourcesBuildPhase;
			buildActionMask = 2147483647;
			files = (
				941B557D1F77F0D600F602C6 /* OpenTokSampleUITests.swift in Sources */,
			);
			runOnlyForDeploymentPostprocessing = 0;
		};
/* End PBXSourcesBuildPhase section */

/* Begin PBXTargetDependency section */
		941B556F1F77F0D500F602C6 /* PBXTargetDependency */ = {
			isa = PBXTargetDependency;
			target = 941B55581F77F0D500F602C6 /* OpenTokSample */;
			targetProxy = 941B556E1F77F0D500F602C6 /* PBXContainerItemProxy */;
		};
		941B557A1F77F0D500F602C6 /* PBXTargetDependency */ = {
			isa = PBXTargetDependency;
			target = 941B55581F77F0D500F602C6 /* OpenTokSample */;
			targetProxy = 941B55791F77F0D500F602C6 /* PBXContainerItemProxy */;
		};
/* End PBXTargetDependency section */

/* Begin PBXVariantGroup section */
		941B55601F77F0D500F602C6 /* Main.storyboard */ = {
			isa = PBXVariantGroup;
			children = (
				941B55611F77F0D500F602C6 /* Base */,
			);
			name = Main.storyboard;
			sourceTree = "<group>";
		};
		941B55651F77F0D500F602C6 /* LaunchScreen.storyboard */ = {
			isa = PBXVariantGroup;
			children = (
				941B55661F77F0D500F602C6 /* Base */,
			);
			name = LaunchScreen.storyboard;
			sourceTree = "<group>";
		};
/* End PBXVariantGroup section */

/* Begin XCBuildConfiguration section */
		941B557F1F77F0D600F602C6 /* Debug */ = {
			isa = XCBuildConfiguration;
			buildSettings = {
				ALWAYS_SEARCH_USER_PATHS = NO;
				CLANG_ANALYZER_NONNULL = YES;
				CLANG_ANALYZER_NUMBER_OBJECT_CONVERSION = YES_AGGRESSIVE;
				CLANG_CXX_LANGUAGE_STANDARD = "gnu++14";
				CLANG_CXX_LIBRARY = "libc++";
				CLANG_ENABLE_MODULES = YES;
				CLANG_ENABLE_OBJC_ARC = YES;
				CLANG_WARN_BLOCK_CAPTURE_AUTORELEASING = YES;
				CLANG_WARN_BOOL_CONVERSION = YES;
				CLANG_WARN_COMMA = YES;
				CLANG_WARN_CONSTANT_CONVERSION = YES;
				CLANG_WARN_DIRECT_OBJC_ISA_USAGE = YES_ERROR;
				CLANG_WARN_DOCUMENTATION_COMMENTS = YES;
				CLANG_WARN_EMPTY_BODY = YES;
				CLANG_WARN_ENUM_CONVERSION = YES;
				CLANG_WARN_INFINITE_RECURSION = YES;
				CLANG_WARN_INT_CONVERSION = YES;
				CLANG_WARN_NON_LITERAL_NULL_CONVERSION = YES;
				CLANG_WARN_OBJC_LITERAL_CONVERSION = YES;
				CLANG_WARN_OBJC_ROOT_CLASS = YES_ERROR;
				CLANG_WARN_RANGE_LOOP_ANALYSIS = YES;
				CLANG_WARN_STRICT_PROTOTYPES = YES;
				CLANG_WARN_SUSPICIOUS_MOVE = YES;
				CLANG_WARN_UNGUARDED_AVAILABILITY = YES_AGGRESSIVE;
				CLANG_WARN_UNREACHABLE_CODE = YES;
				CLANG_WARN__DUPLICATE_METHOD_MATCH = YES;
				CODE_SIGN_IDENTITY = "iPhone Developer";
				COPY_PHASE_STRIP = NO;
				DEBUG_INFORMATION_FORMAT = dwarf;
				ENABLE_STRICT_OBJC_MSGSEND = YES;
				ENABLE_TESTABILITY = YES;
				GCC_C_LANGUAGE_STANDARD = gnu11;
				GCC_DYNAMIC_NO_PIC = NO;
				GCC_NO_COMMON_BLOCKS = YES;
				GCC_OPTIMIZATION_LEVEL = 0;
				GCC_PREPROCESSOR_DEFINITIONS = (
					"DEBUG=1",
					"$(inherited)",
				);
				GCC_WARN_64_TO_32_BIT_CONVERSION = YES;
				GCC_WARN_ABOUT_RETURN_TYPE = YES_ERROR;
				GCC_WARN_UNDECLARED_SELECTOR = YES;
				GCC_WARN_UNINITIALIZED_AUTOS = YES_AGGRESSIVE;
				GCC_WARN_UNUSED_FUNCTION = YES;
				GCC_WARN_UNUSED_VARIABLE = YES;
				IPHONEOS_DEPLOYMENT_TARGET = 11.0;
				MTL_ENABLE_DEBUG_INFO = YES;
				ONLY_ACTIVE_ARCH = YES;
				SDKROOT = iphoneos;
				SWIFT_ACTIVE_COMPILATION_CONDITIONS = DEBUG;
				SWIFT_OPTIMIZATION_LEVEL = "-Onone";
			};
			name = Debug;
		};
		941B55801F77F0D600F602C6 /* Release */ = {
			isa = XCBuildConfiguration;
			buildSettings = {
				ALWAYS_SEARCH_USER_PATHS = NO;
				CLANG_ANALYZER_NONNULL = YES;
				CLANG_ANALYZER_NUMBER_OBJECT_CONVERSION = YES_AGGRESSIVE;
				CLANG_CXX_LANGUAGE_STANDARD = "gnu++14";
				CLANG_CXX_LIBRARY = "libc++";
				CLANG_ENABLE_MODULES = YES;
				CLANG_ENABLE_OBJC_ARC = YES;
				CLANG_WARN_BLOCK_CAPTURE_AUTORELEASING = YES;
				CLANG_WARN_BOOL_CONVERSION = YES;
				CLANG_WARN_COMMA = YES;
				CLANG_WARN_CONSTANT_CONVERSION = YES;
				CLANG_WARN_DIRECT_OBJC_ISA_USAGE = YES_ERROR;
				CLANG_WARN_DOCUMENTATION_COMMENTS = YES;
				CLANG_WARN_EMPTY_BODY = YES;
				CLANG_WARN_ENUM_CONVERSION = YES;
				CLANG_WARN_INFINITE_RECURSION = YES;
				CLANG_WARN_INT_CONVERSION = YES;
				CLANG_WARN_NON_LITERAL_NULL_CONVERSION = YES;
				CLANG_WARN_OBJC_LITERAL_CONVERSION = YES;
				CLANG_WARN_OBJC_ROOT_CLASS = YES_ERROR;
				CLANG_WARN_RANGE_LOOP_ANALYSIS = YES;
				CLANG_WARN_STRICT_PROTOTYPES = YES;
				CLANG_WARN_SUSPICIOUS_MOVE = YES;
				CLANG_WARN_UNGUARDED_AVAILABILITY = YES_AGGRESSIVE;
				CLANG_WARN_UNREACHABLE_CODE = YES;
				CLANG_WARN__DUPLICATE_METHOD_MATCH = YES;
				CODE_SIGN_IDENTITY = "iPhone Developer";
				COPY_PHASE_STRIP = NO;
				DEBUG_INFORMATION_FORMAT = "dwarf-with-dsym";
				ENABLE_NS_ASSERTIONS = NO;
				ENABLE_STRICT_OBJC_MSGSEND = YES;
				GCC_C_LANGUAGE_STANDARD = gnu11;
				GCC_NO_COMMON_BLOCKS = YES;
				GCC_WARN_64_TO_32_BIT_CONVERSION = YES;
				GCC_WARN_ABOUT_RETURN_TYPE = YES_ERROR;
				GCC_WARN_UNDECLARED_SELECTOR = YES;
				GCC_WARN_UNINITIALIZED_AUTOS = YES_AGGRESSIVE;
				GCC_WARN_UNUSED_FUNCTION = YES;
				GCC_WARN_UNUSED_VARIABLE = YES;
				IPHONEOS_DEPLOYMENT_TARGET = 11.0;
				MTL_ENABLE_DEBUG_INFO = NO;
				SDKROOT = iphoneos;
				SWIFT_OPTIMIZATION_LEVEL = "-Owholemodule";
				VALIDATE_PRODUCT = YES;
			};
			name = Release;
		};
		941B55821F77F0D600F602C6 /* Debug */ = {
			isa = XCBuildConfiguration;
			baseConfigurationReference = 9690742A371D98C840DF8CFF /* Pods-OpenTokSample.debug.xcconfig */;
			buildSettings = {
				ASSETCATALOG_COMPILER_APPICON_NAME = AppIcon;
				CODE_SIGN_STYLE = Automatic;
				DEVELOPMENT_TEAM = TKHK7BYCFU;
				INFOPLIST_FILE = OpenTokSample/Info.plist;
				LD_RUNPATH_SEARCH_PATHS = "$(inherited) @executable_path/Frameworks";
				PRODUCT_BUNDLE_IDENTIFIER = spaceagelabs.com.OpenTokSample;
				PRODUCT_NAME = "$(TARGET_NAME)";
				SWIFT_VERSION = 4.0;
				TARGETED_DEVICE_FAMILY = "1,2";
			};
			name = Debug;
		};
		941B55831F77F0D600F602C6 /* Release */ = {
			isa = XCBuildConfiguration;
			baseConfigurationReference = B1C04CC4FAF0D32F4E472D86 /* Pods-OpenTokSample.release.xcconfig */;
			buildSettings = {
				ASSETCATALOG_COMPILER_APPICON_NAME = AppIcon;
				CODE_SIGN_STYLE = Automatic;
				DEVELOPMENT_TEAM = TKHK7BYCFU;
				INFOPLIST_FILE = OpenTokSample/Info.plist;
				LD_RUNPATH_SEARCH_PATHS = "$(inherited) @executable_path/Frameworks";
				PRODUCT_BUNDLE_IDENTIFIER = spaceagelabs.com.OpenTokSample;
				PRODUCT_NAME = "$(TARGET_NAME)";
				SWIFT_VERSION = 4.0;
				TARGETED_DEVICE_FAMILY = "1,2";
			};
			name = Release;
		};
		941B55851F77F0D600F602C6 /* Debug */ = {
			isa = XCBuildConfiguration;
			baseConfigurationReference = E62C395D852BD8A287AF80E4 /* Pods-OpenTokSampleTests.debug.xcconfig */;
			buildSettings = {
				ALWAYS_EMBED_SWIFT_STANDARD_LIBRARIES = YES;
				BUNDLE_LOADER = "$(TEST_HOST)";
				CODE_SIGN_STYLE = Automatic;
				DEVELOPMENT_TEAM = TKHK7BYCFU;
				INFOPLIST_FILE = OpenTokSampleTests/Info.plist;
				LD_RUNPATH_SEARCH_PATHS = "$(inherited) @executable_path/Frameworks @loader_path/Frameworks";
				PRODUCT_BUNDLE_IDENTIFIER = spaceagelabs.com.OpenTokSampleTests;
				PRODUCT_NAME = "$(TARGET_NAME)";
				SWIFT_VERSION = 4.0;
				TARGETED_DEVICE_FAMILY = "1,2";
				TEST_HOST = "$(BUILT_PRODUCTS_DIR)/OpenTokSample.app/OpenTokSample";
			};
			name = Debug;
		};
		941B55861F77F0D600F602C6 /* Release */ = {
			isa = XCBuildConfiguration;
			baseConfigurationReference = 1E61EC7136B10D433FACFC63 /* Pods-OpenTokSampleTests.release.xcconfig */;
			buildSettings = {
				ALWAYS_EMBED_SWIFT_STANDARD_LIBRARIES = YES;
				BUNDLE_LOADER = "$(TEST_HOST)";
				CODE_SIGN_STYLE = Automatic;
				DEVELOPMENT_TEAM = TKHK7BYCFU;
				INFOPLIST_FILE = OpenTokSampleTests/Info.plist;
				LD_RUNPATH_SEARCH_PATHS = "$(inherited) @executable_path/Frameworks @loader_path/Frameworks";
				PRODUCT_BUNDLE_IDENTIFIER = spaceagelabs.com.OpenTokSampleTests;
				PRODUCT_NAME = "$(TARGET_NAME)";
				SWIFT_VERSION = 4.0;
				TARGETED_DEVICE_FAMILY = "1,2";
				TEST_HOST = "$(BUILT_PRODUCTS_DIR)/OpenTokSample.app/OpenTokSample";
			};
			name = Release;
		};
		941B55881F77F0D600F602C6 /* Debug */ = {
			isa = XCBuildConfiguration;
			baseConfigurationReference = 3488BDFEA8255DA7A67AF737 /* Pods-OpenTokSampleUITests.debug.xcconfig */;
			buildSettings = {
				ALWAYS_EMBED_SWIFT_STANDARD_LIBRARIES = YES;
				CODE_SIGN_STYLE = Automatic;
				DEVELOPMENT_TEAM = TKHK7BYCFU;
				INFOPLIST_FILE = OpenTokSampleUITests/Info.plist;
				LD_RUNPATH_SEARCH_PATHS = "$(inherited) @executable_path/Frameworks @loader_path/Frameworks";
				PRODUCT_BUNDLE_IDENTIFIER = spaceagelabs.com.OpenTokSampleUITests;
				PRODUCT_NAME = "$(TARGET_NAME)";
				SWIFT_VERSION = 4.0;
				TARGETED_DEVICE_FAMILY = "1,2";
				TEST_TARGET_NAME = OpenTokSample;
			};
			name = Debug;
		};
		941B55891F77F0D600F602C6 /* Release */ = {
			isa = XCBuildConfiguration;
			baseConfigurationReference = 1BE98D36F7A65747D623D197 /* Pods-OpenTokSampleUITests.release.xcconfig */;
			buildSettings = {
				ALWAYS_EMBED_SWIFT_STANDARD_LIBRARIES = YES;
				CODE_SIGN_STYLE = Automatic;
				DEVELOPMENT_TEAM = TKHK7BYCFU;
				INFOPLIST_FILE = OpenTokSampleUITests/Info.plist;
				LD_RUNPATH_SEARCH_PATHS = "$(inherited) @executable_path/Frameworks @loader_path/Frameworks";
				PRODUCT_BUNDLE_IDENTIFIER = spaceagelabs.com.OpenTokSampleUITests;
				PRODUCT_NAME = "$(TARGET_NAME)";
				SWIFT_VERSION = 4.0;
				TARGETED_DEVICE_FAMILY = "1,2";
				TEST_TARGET_NAME = OpenTokSample;
			};
			name = Release;
		};
/* End XCBuildConfiguration section */

/* Begin XCConfigurationList section */
		941B55541F77F0D500F602C6 /* Build configuration list for PBXProject "OpenTokSample" */ = {
			isa = XCConfigurationList;
			buildConfigurations = (
				941B557F1F77F0D600F602C6 /* Debug */,
				941B55801F77F0D600F602C6 /* Release */,
			);
			defaultConfigurationIsVisible = 0;
			defaultConfigurationName = Release;
		};
		941B55811F77F0D600F602C6 /* Build configuration list for PBXNativeTarget "OpenTokSample" */ = {
			isa = XCConfigurationList;
			buildConfigurations = (
				941B55821F77F0D600F602C6 /* Debug */,
				941B55831F77F0D600F602C6 /* Release */,
			);
			defaultConfigurationIsVisible = 0;
			defaultConfigurationName = Release;
		};
		941B55841F77F0D600F602C6 /* Build configuration list for PBXNativeTarget "OpenTokSampleTests" */ = {
			isa = XCConfigurationList;
			buildConfigurations = (
				941B55851F77F0D600F602C6 /* Debug */,
				941B55861F77F0D600F602C6 /* Release */,
			);
			defaultConfigurationIsVisible = 0;
			defaultConfigurationName = Release;
		};
		941B55871F77F0D600F602C6 /* Build configuration list for PBXNativeTarget "OpenTokSampleUITests" */ = {
			isa = XCConfigurationList;
			buildConfigurations = (
				941B55881F77F0D600F602C6 /* Debug */,
				941B55891F77F0D600F602C6 /* Release */,
			);
			defaultConfigurationIsVisible = 0;
			defaultConfigurationName = Release;
		};
/* End XCConfigurationList section */
	};
	rootObject = 941B55511F77F0D500F602C6 /* Project object */;
}
